
Microsoft Visual Studio Solution File, Format Version 12.00
# Visual Studio Version 17
VisualStudioVersion = 17.6.33829.357
MinimumVisualStudioVersion = 10.0.40219.1
Project("{FAE04EC0-301F-11D3-BF4B-00C04F79EFBC}") = "HomeBanking", "HomeBanking\HomeBanking.csproj", "{9E6F531D-DC28-4949-9AB6-FA3E3420B09F}"
EndProject
Global
	GlobalSection(SolutionConfigurationPlatforms) = preSolution
		Debug|Any CPU = Debug|Any CPU
		Release|Any CPU = Release|Any CPU
	EndGlobalSection
	GlobalSection(ProjectConfigurationPlatforms) = postSolution
		{9E6F531D-DC28-4949-9AB6-FA3E3420B09F}.Debug|Any CPU.ActiveCfg = Debug|Any CPU
		{9E6F531D-DC28-4949-9AB6-FA3E3420B09F}.Debug|Any CPU.Build.0 = Debug|Any CPU
		{9E6F531D-DC28-4949-9AB6-FA3E3420B09F}.Release|Any CPU.ActiveCfg = Release|Any CPU
		{9E6F531D-DC28-4949-9AB6-FA3E3420B09F}.Release|Any CPU.Build.0 = Release|Any CPU
	EndGlobalSection
	GlobalSection(SolutionProperties) = preSolution
		HideSolutionNode = FALSE
	EndGlobalSection
	GlobalSection(ExtensibilityGlobals) = postSolution
		SolutionGuid = {42DFE96C-83EF-49A5-813A-310AD7B35AD6}
	EndGlobalSection
EndGlobal
